
Microsoft Visual Studio Solution File, Format Version 12.00
# Visual Studio Version 16
VisualStudioVersion = 16.0.31624.102
MinimumVisualStudioVersion = 10.0.40219.1
Project("{FAE04EC0-301F-11D3-BF4B-00C04F79EFBC}") = "Pictures.Web", "Pictures.Web\Pictures.Web.csproj", "{51A6A994-3392-4E3E-9AE4-0374A5D5866E}"
EndProject
Project("{FAE04EC0-301F-11D3-BF4B-00C04F79EFBC}") = "Pictures.Data", "Pictures.Data\Pictures.Data.csproj", "{978D931E-0F20-46FB-B9A1-624DE846DCF2}"
EndProject
Global
	GlobalSection(SolutionConfigurationPlatforms) = preSolution
		Debug|Any CPU = Debug|Any CPU
		Release|Any CPU = Release|Any CPU
	EndGlobalSection
	GlobalSection(ProjectConfigurationPlatforms) = postSolution
		{51A6A994-3392-4E3E-9AE4-0374A5D5866E}.Debug|Any CPU.ActiveCfg = Debug|Any CPU
		{51A6A994-3392-4E3E-9AE4-0374A5D5866E}.Debug|Any CPU.Build.0 = Debug|Any CPU
		{51A6A994-3392-4E3E-9AE4-0374A5D5866E}.Release|Any CPU.ActiveCfg = Release|Any CPU
		{51A6A994-3392-4E3E-9AE4-0374A5D5866E}.Release|Any CPU.Build.0 = Release|Any CPU
		{978D931E-0F20-46FB-B9A1-624DE846DCF2}.Debug|Any CPU.ActiveCfg = Debug|Any CPU
		{978D931E-0F20-46FB-B9A1-624DE846DCF2}.Debug|Any CPU.Build.0 = Debug|Any CPU
		{978D931E-0F20-46FB-B9A1-624DE846DCF2}.Release|Any CPU.ActiveCfg = Release|Any CPU
		{978D931E-0F20-46FB-B9A1-624DE846DCF2}.Release|Any CPU.Build.0 = Release|Any CPU
	EndGlobalSection
	GlobalSection(SolutionProperties) = preSolution
		HideSolutionNode = FALSE
	EndGlobalSection
	GlobalSection(ExtensibilityGlobals) = postSolution
		SolutionGuid = {468A08E7-4818-4DF8-8439-DDB2F403E8BB}
	EndGlobalSection
EndGlobal
